
Microsoft Visual Studio Solution File, Format Version 12.00
# Visual Studio Version 17
VisualStudioVersion = 17.11.35222.181
MinimumVisualStudioVersion = 10.0.40219.1
Project("{9A19103F-16F7-4668-BE54-9A1E7A4F7556}") = "WpfApp1", "WpfApp1.csproj", "{4256D984-9C5E-4D2C-A48D-F0F4F45C3861}"
EndProject
Global
	GlobalSection(SolutionConfigurationPlatforms) = preSolution
		Debug|Any CPU = Debug|Any CPU
		Release|Any CPU = Release|Any CPU
	EndGlobalSection
	GlobalSection(ProjectConfigurationPlatforms) = postSolution
		{4256D984-9C5E-4D2C-A48D-F0F4F45C3861}.Debug|Any CPU.ActiveCfg = Debug|Any CPU
		{4256D984-9C5E-4D2C-A48D-F0F4F45C3861}.Debug|Any CPU.Build.0 = Debug|Any CPU
		{4256D984-9C5E-4D2C-A48D-F0F4F45C3861}.Release|Any CPU.ActiveCfg = Release|Any CPU
		{4256D984-9C5E-4D2C-A48D-F0F4F45C3861}.Release|Any CPU.Build.0 = Release|Any CPU
	EndGlobalSection
	GlobalSection(SolutionProperties) = preSolution
		HideSolutionNode = FALSE
	EndGlobalSection
	GlobalSection(ExtensibilityGlobals) = postSolution
		SolutionGuid = {8800E280-E500-4488-819D-243FFDC2EF15}
	EndGlobalSection
EndGlobal
